
Microsoft Visual Studio Solution File, Format Version 12.00
# Visual Studio Version 17
VisualStudioVersion = 17.3.32929.385
MinimumVisualStudioVersion = 10.0.40219.1
Project("{9A19103F-16F7-4668-BE54-9A1E7A4F7556}") = "PJUserManage", "PJUserManage\PJUserManage.csproj", "{BCB2AF2B-BED9-4F70-8186-F05F338B4841}"
EndProject
Project("{9A19103F-16F7-4668-BE54-9A1E7A4F7556}") = "UserManageRepository", "UserManageRepository\UserManageRepository.csproj", "{0F5D0D01-513F-4898-8447-46130F9371C6}"
EndProject
Project("{9A19103F-16F7-4668-BE54-9A1E7A4F7556}") = "Generally", "Generally\Generally.csproj", "{644AC830-A568-4B23-99AA-7B7D51BD31BF}"
EndProject
Project("{FAE04EC0-301F-11D3-BF4B-00C04F79EFBC}") = "UserManageRepository_Test", "UserManageRepository_Test\UserManageRepository_Test.csproj", "{BA216E0E-0CFB-42AC-B7F1-7C95F8C7212F}"
EndProject
Project("{FAE04EC0-301F-11D3-BF4B-00C04F79EFBC}") = "PJUserManage_Test", "PJUserManage_Test\PJUserManage_Test.csproj", "{10A8E74B-42D5-488B-B737-B49B46281BD7}"
EndProject
Global
	GlobalSection(SolutionConfigurationPlatforms) = preSolution
		Debug|Any CPU = Debug|Any CPU
		Release|Any CPU = Release|Any CPU
	EndGlobalSection
	GlobalSection(ProjectConfigurationPlatforms) = postSolution
		{BCB2AF2B-BED9-4F70-8186-F05F338B4841}.Debug|Any CPU.ActiveCfg = Debug|Any CPU
		{BCB2AF2B-BED9-4F70-8186-F05F338B4841}.Debug|Any CPU.Build.0 = Debug|Any CPU
		{BCB2AF2B-BED9-4F70-8186-F05F338B4841}.Release|Any CPU.ActiveCfg = Release|Any CPU
		{BCB2AF2B-BED9-4F70-8186-F05F338B4841}.Release|Any CPU.Build.0 = Release|Any CPU
		{0F5D0D01-513F-4898-8447-46130F9371C6}.Debug|Any CPU.ActiveCfg = Debug|Any CPU
		{0F5D0D01-513F-4898-8447-46130F9371C6}.Debug|Any CPU.Build.0 = Debug|Any CPU
		{0F5D0D01-513F-4898-8447-46130F9371C6}.Release|Any CPU.ActiveCfg = Release|Any CPU
		{0F5D0D01-513F-4898-8447-46130F9371C6}.Release|Any CPU.Build.0 = Release|Any CPU
		{644AC830-A568-4B23-99AA-7B7D51BD31BF}.Debug|Any CPU.ActiveCfg = Debug|Any CPU
		{644AC830-A568-4B23-99AA-7B7D51BD31BF}.Debug|Any CPU.Build.0 = Debug|Any CPU
		{644AC830-A568-4B23-99AA-7B7D51BD31BF}.Release|Any CPU.ActiveCfg = Release|Any CPU
		{644AC830-A568-4B23-99AA-7B7D51BD31BF}.Release|Any CPU.Build.0 = Release|Any CPU
		{BA216E0E-0CFB-42AC-B7F1-7C95F8C7212F}.Debug|Any CPU.ActiveCfg = Debug|Any CPU
		{BA216E0E-0CFB-42AC-B7F1-7C95F8C7212F}.Debug|Any CPU.Build.0 = Debug|Any CPU
		{BA216E0E-0CFB-42AC-B7F1-7C95F8C7212F}.Release|Any CPU.ActiveCfg = Release|Any CPU
		{BA216E0E-0CFB-42AC-B7F1-7C95F8C7212F}.Release|Any CPU.Build.0 = Release|Any CPU
		{10A8E74B-42D5-488B-B737-B49B46281BD7}.Debug|Any CPU.ActiveCfg = Debug|Any CPU
		{10A8E74B-42D5-488B-B737-B49B46281BD7}.Debug|Any CPU.Build.0 = Debug|Any CPU
		{10A8E74B-42D5-488B-B737-B49B46281BD7}.Release|Any CPU.ActiveCfg = Release|Any CPU
		{10A8E74B-42D5-488B-B737-B49B46281BD7}.Release|Any CPU.Build.0 = Release|Any CPU
	EndGlobalSection
	GlobalSection(SolutionProperties) = preSolution
		HideSolutionNode = FALSE
	EndGlobalSection
	GlobalSection(ExtensibilityGlobals) = postSolution
		SolutionGuid = {F5446B3E-718E-45ED-9500-BEB5644DF3E3}
	EndGlobalSection
EndGlobal
